// !$*UTF8*$!
{
	archiveVersion = 1;
	classes = {
	};
	objectVersion = 77;
	objects = {

/* Begin PBXBuildFile section */
		B7ADE7882EC59AC00003F1CB /* FirebaseAnalytics in Frameworks */ = {isa = PBXBuildFile; productRef = B7ADE7872EC59AC00003F1CB /* FirebaseAnalytics */; };
		B7ADE78A2EC59AC00003F1CB /* FirebaseAuth in Frameworks */ = {isa = PBXBuildFile; productRef = B7ADE7892EC59AC00003F1CB /* FirebaseAuth */; };
		B7ADE78C2EC59AC00003F1CB /* FirebaseFirestore in Frameworks */ = {isa = PBXBuildFile; productRef = B7ADE78B2EC59AC00003F1CB /* FirebaseFirestore */; };
		B7ADE78E2EC59AC00003F1CB /* FirebaseFunctions in Frameworks */ = {isa = PBXBuildFile; productRef = B7ADE78D2EC59AC00003F1CB /* FirebaseFunctions */; };
		B7ADE7902EC59AC00003F1CB /* FirebaseStorage in Frameworks */ = {isa = PBXBuildFile; productRef = B7ADE78F2EC59AC00003F1CB /* FirebaseStorage */; };
/* End PBXBuildFile section */

/* Begin PBXContainerItemProxy section */
		B7F1BAF52EC3AA9300A021E7 /* PBXContainerItemProxy */ = {
			isa = PBXContainerItemProxy;
			containerPortal = B7F1BADF2EC3AA9200A021E7 /* Project object */;
			proxyType = 1;
			remoteGlobalIDString = B7F1BAE62EC3AA9200A021E7;
			remoteInfo = navireco;
		};
		B7F1BAFF2EC3AA9300A021E7 /* PBXContainerItemProxy */ = {
			isa = PBXContainerItemProxy;
			containerPortal = B7F1BADF2EC3AA9200A021E7 /* Project object */;
			proxyType = 1;
			remoteGlobalIDString = B7F1BAE62EC3AA9200A021E7;
			remoteInfo = navireco;
		};
/* End PBXContainerItemProxy section */

/* Begin PBXFileReference section */
		B7F1BAE72EC3AA9200A021E7 /* navireco.app */ = {isa = PBXFileReference; explicitFileType = wrapper.application; includeInIndex = 0; path = navireco.app; sourceTree = BUILT_PRODUCTS_DIR; };
		B7F1BAF42EC3AA9300A021E7 /* navirecoTests.xctest */ = {isa = PBXFileReference; explicitFileType = wrapper.cfbundle; includeInIndex = 0; path = navirecoTests.xctest; sourceTree = BUILT_PRODUCTS_DIR; };
		B7F1BAFE2EC3AA9300A021E7 /* navirecoUITests.xctest */ = {isa = PBXFileReference; explicitFileType = wrapper.cfbundle; includeInIndex = 0; path = navirecoUITests.xctest; sourceTree = BUILT_PRODUCTS_DIR; };
/* End PBXFileReference section */

/* Begin PBXFileSystemSynchronizedBuildFileExceptionSet section */
		B7ADE73F2EC466B10003F1CB /* Exceptions for "navireco" folder in "navireco" target */ = {
			isa = PBXFileSystemSynchronizedBuildFileExceptionSet;
			membershipExceptions = (
				Info.plist,
			);
			target = B7F1BAE62EC3AA9200A021E7 /* navireco */;
		};
/* End PBXFileSystemSynchronizedBuildFileExceptionSet section */

/* Begin PBXFileSystemSynchronizedRootGroup section */
		B7F1BAE92EC3AA9200A021E7 /* navireco */ = {
			isa = PBXFileSystemSynchronizedRootGroup;
			exceptions = (
				B7ADE73F2EC466B10003F1CB /* Exceptions for "navireco" folder in "navireco" target */,
			);
			path = navireco;
			sourceTree = "<group>";
		};
		B7F1BAF72EC3AA9300A021E7 /* navirecoTests */ = {
			isa = PBXFileSystemSynchronizedRootGroup;
			path = navirecoTests;
			sourceTree = "<group>";
		};
		B7F1BB012EC3AA9300A021E7 /* navirecoUITests */ = {
			isa = PBXFileSystemSynchronizedRootGroup;
			path = navirecoUITests;
			sourceTree = "<group>";
		};
/* End PBXFileSystemSynchronizedRootGroup section */

/* Begin PBXFrameworksBuildPhase section */
		B7F1BAE42EC3AA9200A021E7 /* Frameworks */ = {
			isa = PBXFrameworksBuildPhase;
			buildActionMask = 2147483647;
			files = (
				B7ADE7882EC59AC00003F1CB /* FirebaseAnalytics in Frameworks */,
				B7ADE78A2EC59AC00003F1CB /* FirebaseAuth in Frameworks */,
				B7ADE78C2EC59AC00003F1CB /* FirebaseFirestore in Frameworks */,
				B7ADE7902EC59AC00003F1CB /* FirebaseStorage in Frameworks */,
				B7ADE78E2EC59AC00003F1CB /* FirebaseFunctions in Frameworks */,
			);
			runOnlyForDeploymentPostprocessing = 0;
		};
		B7F1BAF12EC3AA9300A021E7 /* Frameworks */ = {
			isa = PBXFrameworksBuildPhase;
			buildActionMask = 2147483647;
			files = (
			);
			runOnlyForDeploymentPostprocessing = 0;
		};
		B7F1BAFB2EC3AA9300A021E7 /* Frameworks */ = {
			isa = PBXFrameworksBuildPhase;
			buildActionMask = 2147483647;
			files = (
			);
			runOnlyForDeploymentPostprocessing = 0;
		};
/* End PBXFrameworksBuildPhase section */

/* Begin PBXGroup section */
		B7F1BADE2EC3AA9200A021E7 = {
			isa = PBXGroup;
			children = (
				B7F1BAE92EC3AA9200A021E7 /* navireco */,
				B7F1BAF72EC3AA9300A021E7 /* navirecoTests */,
				B7F1BB012EC3AA9300A021E7 /* navirecoUITests */,
				B7F1BAE82EC3AA9200A021E7 /* Products */,
			);
			sourceTree = "<group>";
		};
		B7F1BAE82EC3AA9200A021E7 /* Products */ = {
			isa = PBXGroup;
			children = (
				B7F1BAE72EC3AA9200A021E7 /* navireco.app */,
				B7F1BAF42EC3AA9300A021E7 /* navirecoTests.xctest */,
				B7F1BAFE2EC3AA9300A021E7 /* navirecoUITests.xctest */,
			);
			name = Products;
			sourceTree = "<group>";
		};
/* End PBXGroup section */

/* Begin PBXNativeTarget section */
		B7F1BAE62EC3AA9200A021E7 /* navireco */ = {
			isa = PBXNativeTarget;
			buildConfigurationList = B7F1BB082EC3AA9300A021E7 /* Build configuration list for PBXNativeTarget "navireco" */;
			buildPhases = (
				B7F1BAE32EC3AA9200A021E7 /* Sources */,
				B7F1BAE42EC3AA9200A021E7 /* Frameworks */,
				B7F1BAE52EC3AA9200A021E7 /* Resources */,
			);
			buildRules = (
			);
			dependencies = (
			);
			fileSystemSynchronizedGroups = (
				B7F1BAE92EC3AA9200A021E7 /* navireco */,
			);
			name = navireco;
			packageProductDependencies = (
				B7ADE7872EC59AC00003F1CB /* FirebaseAnalytics */,
				B7ADE7892EC59AC00003F1CB /* FirebaseAuth */,
				B7ADE78B2EC59AC00003F1CB /* FirebaseFirestore */,
				B7ADE78D2EC59AC00003F1CB /* FirebaseFunctions */,
				B7ADE78F2EC59AC00003F1CB /* FirebaseStorage */,
			);
			productName = navireco;
			productReference = B7F1BAE72EC3AA9200A021E7 /* navireco.app */;
			productType = "com.apple.product-type.application";
		};
		B7F1BAF32EC3AA9300A021E7 /* navirecoTests */ = {
			isa = PBXNativeTarget;
			buildConfigurationList = B7F1BB0B2EC3AA9300A021E7 /* Build configuration list for PBXNativeTarget "navirecoTests" */;
			buildPhases = (
				B7F1BAF02EC3AA9300A021E7 /* Sources */,
				B7F1BAF12EC3AA9300A021E7 /* Frameworks */,
				B7F1BAF22EC3AA9300A021E7 /* Resources */,
			);
			buildRules = (
			);
			dependencies = (
				B7F1BAF62EC3AA9300A021E7 /* PBXTargetDependency */,
			);
			fileSystemSynchronizedGroups = (
				B7F1BAF72EC3AA9300A021E7 /* navirecoTests */,
			);
			name = navirecoTests;
			packageProductDependencies = (
			);
			productName = navirecoTests;
			productReference = B7F1BAF42EC3AA9300A021E7 /* navirecoTests.xctest */;
			productType = "com.apple.product-type.bundle.unit-test";
		};
		B7F1BAFD2EC3AA9300A021E7 /* navirecoUITests */ = {
			isa = PBXNativeTarget;
			buildConfigurationList = B7F1BB0E2EC3AA9300A021E7 /* Build configuration list for PBXNativeTarget "navirecoUITests" */;
			buildPhases = (
				B7F1BAFA2EC3AA9300A021E7 /* Sources */,
				B7F1BAFB2EC3AA9300A021E7 /* Frameworks */,
				B7F1BAFC2EC3AA9300A021E7 /* Resources */,
			);
			buildRules = (
			);
			dependencies = (
				B7F1BB002EC3AA9300A021E7 /* PBXTargetDependency */,
			);
			fileSystemSynchronizedGroups = (
				B7F1BB012EC3AA9300A021E7 /* navirecoUITests */,
			);
			name = navirecoUITests;
			packageProductDependencies = (
			);
			productName = navirecoUITests;
			productReference = B7F1BAFE2EC3AA9300A021E7 /* navirecoUITests.xctest */;
			productType = "com.apple.product-type.bundle.ui-testing";
		};
/* End PBXNativeTarget section */

/* Begin PBXProject section */
		B7F1BADF2EC3AA9200A021E7 /* Project object */ = {
			isa = PBXProject;
			attributes = {
				BuildIndependentTargetsInParallel = 1;
				LastSwiftUpdateCheck = 1640;
				LastUpgradeCheck = 1640;
				TargetAttributes = {
					B7F1BAE62EC3AA9200A021E7 = {
						CreatedOnToolsVersion = 16.4;
					};
					B7F1BAF32EC3AA9300A021E7 = {
						CreatedOnToolsVersion = 16.4;
						TestTargetID = B7F1BAE62EC3AA9200A021E7;
					};
					B7F1BAFD2EC3AA9300A021E7 = {
						CreatedOnToolsVersion = 16.4;
						TestTargetID = B7F1BAE62EC3AA9200A021E7;
					};
				};
			};
			buildConfigurationList = B7F1BAE22EC3AA9200A021E7 /* Build configuration list for PBXProject "navireco" */;
			developmentRegion = en;
			hasScannedForEncodings = 0;
			knownRegions = (
				en,
				Base,
			);
			mainGroup = B7F1BADE2EC3AA9200A021E7;
			minimizedProjectReferenceProxies = 1;
			packageReferences = (
				B7ADE7862EC59AC00003F1CB /* XCRemoteSwiftPackageReference "firebase-ios-sdk" */,
			);
			preferredProjectObjectVersion = 77;
			productRefGroup = B7F1BAE82EC3AA9200A021E7 /* Products */;
			projectDirPath = "";
			projectRoot = "";
			targets = (
				B7F1BAE62EC3AA9200A021E7 /* navireco */,
				B7F1BAF32EC3AA9300A021E7 /* navirecoTests */,
				B7F1BAFD2EC3AA9300A021E7 /* navirecoUITests */,
			);
		};
/* End PBXProject section */

/* Begin PBXResourcesBuildPhase section */
		B7F1BAE52EC3AA9200A021E7 /* Resources */ = {
			isa = PBXResourcesBuildPhase;
			buildActionMask = 2147483647;
			files = (
			);
			runOnlyForDeploymentPostprocessing = 0;
		};
		B7F1BAF22EC3AA9300A021E7 /* Resources */ = {
			isa = PBXResourcesBuildPhase;
			buildActionMask = 2147483647;
			files = (
			);
			runOnlyForDeploymentPostprocessing = 0;
		};
		B7F1BAFC2EC3AA9300A021E7 /* Resources */ = {
			isa = PBXResourcesBuildPhase;
			buildActionMask = 2147483647;
			files = (
			);
			runOnlyForDeploymentPostprocessing = 0;
		};
/* End PBXResourcesBuildPhase section */

/* Begin PBXSourcesBuildPhase section */
		B7F1BAE32EC3AA9200A021E7 /* Sources */ = {
			isa = PBXSourcesBuildPhase;
			buildActionMask = 2147483647;
			files = (
			);
			runOnlyForDeploymentPostprocessing = 0;
		};
		B7F1BAF02EC3AA9300A021E7 /* Sources */ = {
			isa = PBXSourcesBuildPhase;
			buildActionMask = 2147483647;
			files = (
			);
			runOnlyForDeploymentPostprocessing = 0;
		};
		B7F1BAFA2EC3AA9300A021E7 /* Sources */ = {
			isa = PBXSourcesBuildPhase;
			buildActionMask = 2147483647;
			files = (
			);
			runOnlyForDeploymentPostprocessing = 0;
		};
/* End PBXSourcesBuildPhase section */

/* Begin PBXTargetDependency section */
		B7F1BAF62EC3AA9300A021E7 /* PBXTargetDependency */ = {
			isa = PBXTargetDependency;
			target = B7F1BAE62EC3AA9200A021E7 /* navireco */;
			targetProxy = B7F1BAF52EC3AA9300A021E7 /* PBXContainerItemProxy */;
		};
		B7F1BB002EC3AA9300A021E7 /* PBXTargetDependency */ = {
			isa = PBXTargetDependency;
			target = B7F1BAE62EC3AA9200A021E7 /* navireco */;
			targetProxy = B7F1BAFF2EC3AA9300A021E7 /* PBXContainerItemProxy */;
		};
/* End PBXTargetDependency section */

/* Begin XCBuildConfiguration section */
		B7F1BB062EC3AA9300A021E7 /* Debug */ = {
			isa = XCBuildConfiguration;
			buildSettings = {
				ALWAYS_SEARCH_USER_PATHS = NO;
				ASSETCATALOG_COMPILER_GENERATE_SWIFT_ASSET_SYMBOL_EXTENSIONS = YES;
				CLANG_ANALYZER_NONNULL = YES;
				CLANG_ANALYZER_NUMBER_OBJECT_CONVERSION = YES_AGGRESSIVE;
				CLANG_CXX_LANGUAGE_STANDARD = "gnu++20";
				CLANG_ENABLE_MODULES = YES;
				CLANG_ENABLE_OBJC_ARC = YES;
				CLANG_ENABLE_OBJC_WEAK = YES;
				CLANG_WARN_BLOCK_CAPTURE_AUTORELEASING = YES;
				CLANG_WARN_BOOL_CONVERSION = YES;
				CLANG_WARN_COMMA = YES;
				CLANG_WARN_CONSTANT_CONVERSION = YES;
				CLANG_WARN_DEPRECATED_OBJC_IMPLEMENTATIONS = YES;
				CLANG_WARN_DIRECT_OBJC_ISA_USAGE = YES_ERROR;
				CLANG_WARN_DOCUMENTATION_COMMENTS = YES;
				CLANG_WARN_EMPTY_BODY = YES;
				CLANG_WARN_ENUM_CONVERSION = YES;
				CLANG_WARN_INFINITE_RECURSION = YES;
				CLANG_WARN_INT_CONVERSION = YES;
				CLANG_WARN_NON_LITERAL_NULL_CONVERSION = YES;
				CLANG_WARN_OBJC_IMPLICIT_RETAIN_SELF = YES;
				CLANG_WARN_OBJC_LITERAL_CONVERSION = YES;
				CLANG_WARN_OBJC_ROOT_CLASS = YES_ERROR;
				CLANG_WARN_QUOTED_INCLUDE_IN_FRAMEWORK_HEADER = YES;
				CLANG_WARN_RANGE_LOOP_ANALYSIS = YES;
				CLANG_WARN_STRICT_PROTOTYPES = YES;
				CLANG_WARN_SUSPICIOUS_MOVE = YES;
				CLANG_WARN_UNGUARDED_AVAILABILITY = YES_AGGRESSIVE;
				CLANG_WARN_UNREACHABLE_CODE = YES;
				CLANG_WARN__DUPLICATE_METHOD_MATCH = YES;
				COPY_PHASE_STRIP = NO;
				DEBUG_INFORMATION_FORMAT = dwarf;
				DEVELOPMENT_TEAM = 2GTP92GF9H;
				ENABLE_STRICT_OBJC_MSGSEND = YES;
				ENABLE_TESTABILITY = YES;
				ENABLE_USER_SCRIPT_SANDBOXING = YES;
				GCC_C_LANGUAGE_STANDARD = gnu17;
				GCC_DYNAMIC_NO_PIC = NO;
				GCC_NO_COMMON_BLOCKS = YES;
				GCC_OPTIMIZATION_LEVEL = 0;
				GCC_PREPROCESSOR_DEFINITIONS = (
					"DEBUG=1",
					"$(inherited)",
				);
				GCC_WARN_64_TO_32_BIT_CONVERSION = YES;
				GCC_WARN_ABOUT_RETURN_TYPE = YES_ERROR;
				GCC_WARN_UNDECLARED_SELECTOR = YES;
				GCC_WARN_UNINITIALIZED_AUTOS = YES_AGGRESSIVE;
				GCC_WARN_UNUSED_FUNCTION = YES;
				GCC_WARN_UNUSED_VARIABLE = YES;
				IPHONEOS_DEPLOYMENT_TARGET = 18.5;
				LOCALIZATION_PREFERS_STRING_CATALOGS = YES;
				MTL_ENABLE_DEBUG_INFO = INCLUDE_SOURCE;
				MTL_FAST_MATH = YES;
				ONLY_ACTIVE_ARCH = YES;
				SDKROOT = iphoneos;
				SWIFT_ACTIVE_COMPILATION_CONDITIONS = "DEBUG $(inherited)";
				SWIFT_OPTIMIZATION_LEVEL = "-Onone";
			};
			name = Debug;
		};
		B7F1BB072EC3AA9300A021E7 /* Release */ = {
			isa = XCBuildConfiguration;
			buildSettings = {
				ALWAYS_SEARCH_USER_PATHS = NO;
				ASSETCATALOG_COMPILER_GENERATE_SWIFT_ASSET_SYMBOL_EXTENSIONS = YES;
				CLANG_ANALYZER_NONNULL = YES;
				CLANG_ANALYZER_NUMBER_OBJECT_CONVERSION = YES_AGGRESSIVE;
				CLANG_CXX_LANGUAGE_STANDARD = "gnu++20";
				CLANG_ENABLE_MODULES = YES;
				CLANG_ENABLE_OBJC_ARC = YES;
				CLANG_ENABLE_OBJC_WEAK = YES;
				CLANG_WARN_BLOCK_CAPTURE_AUTORELEASING = YES;
				CLANG_WARN_BOOL_CONVERSION = YES;
				CLANG_WARN_COMMA = YES;
				CLANG_WARN_CONSTANT_CONVERSION = YES;
				CLANG_WARN_DEPRECATED_OBJC_IMPLEMENTATIONS = YES;
				CLANG_WARN_DIRECT_OBJC_ISA_USAGE = YES_ERROR;
				CLANG_WARN_DOCUMENTATION_COMMENTS = YES;
				CLANG_WARN_EMPTY_BODY = YES;
				CLANG_WARN_ENUM_CONVERSION = YES;
				CLANG_WARN_INFINITE_RECURSION = YES;
				CLANG_WARN_INT_CONVERSION = YES;
				CLANG_WARN_NON_LITERAL_NULL_CONVERSION = YES;
				CLANG_WARN_OBJC_IMPLICIT_RETAIN_SELF = YES;
				CLANG_WARN_OBJC_LITERAL_CONVERSION = YES;
				CLANG_WARN_OBJC_ROOT_CLASS = YES_ERROR;
				CLANG_WARN_QUOTED_INCLUDE_IN_FRAMEWORK_HEADER = YES;
				CLANG_WARN_RANGE_LOOP_ANALYSIS = YES;
				CLANG_WARN_STRICT_PROTOTYPES = YES;
				CLANG_WARN_SUSPICIOUS_MOVE = YES;
				CLANG_WARN_UNGUARDED_AVAILABILITY = YES_AGGRESSIVE;
				CLANG_WARN_UNREACHABLE_CODE = YES;
				CLANG_WARN__DUPLICATE_METHOD_MATCH = YES;
				COPY_PHASE_STRIP = NO;
				DEBUG_INFORMATION_FORMAT = "dwarf-with-dsym";
				DEVELOPMENT_TEAM = 2GTP92GF9H;
				ENABLE_NS_ASSERTIONS = NO;
				ENABLE_STRICT_OBJC_MSGSEND = YES;
				ENABLE_USER_SCRIPT_SANDBOXING = YES;
				GCC_C_LANGUAGE_STANDARD = gnu17;
				GCC_NO_COMMON_BLOCKS = YES;
				GCC_WARN_64_TO_32_BIT_CONVERSION = YES;
				GCC_WARN_ABOUT_RETURN_TYPE = YES_ERROR;
				GCC_WARN_UNDECLARED_SELECTOR = YES;
				GCC_WARN_UNINITIALIZED_AUTOS = YES_AGGRESSIVE;
				GCC_WARN_UNUSED_FUNCTION = YES;
				GCC_WARN_UNUSED_VARIABLE = YES;
				IPHONEOS_DEPLOYMENT_TARGET = 18.5;
				LOCALIZATION_PREFERS_STRING_CATALOGS = YES;
				MTL_ENABLE_DEBUG_INFO = NO;
				MTL_FAST_MATH = YES;
				SDKROOT = iphoneos;
				SWIFT_COMPILATION_MODE = wholemodule;
				VALIDATE_PRODUCT = YES;
			};
			name = Release;
		};
		B7F1BB092EC3AA9300A021E7 /* Debug */ = {
			isa = XCBuildConfiguration;
			buildSettings = {
				ASSETCATALOG_COMPILER_APPICON_NAME = AppIcon;
				ASSETCATALOG_COMPILER_GLOBAL_ACCENT_COLOR_NAME = AccentColor;
				CODE_SIGN_STYLE = Automatic;
				CURRENT_PROJECT_VERSION = 1;
				DEVELOPMENT_TEAM = 2GTP92GF9H;
				ENABLE_PREVIEWS = YES;
				GENERATE_INFOPLIST_FILE = YES;
				INFOPLIST_FILE = navireco/Info.plist;
				INFOPLIST_KEY_NSLocationAlwaysAndWhenInUseUsageDescription = "行動ログを自動的に記録するため、アプリが閉じている間も位置情報を使用";
				INFOPLIST_KEY_NSLocationWhenInUseUsageDescription = "地図を表示し、現在の位置情報に基づいた情報を提供するために位置情報を使用";
				INFOPLIST_KEY_UIApplicationSceneManifest_Generation = YES;
				INFOPLIST_KEY_UIApplicationSupportsIndirectInputEvents = YES;
				INFOPLIST_KEY_UILaunchScreen_Generation = YES;
				INFOPLIST_KEY_UISupportedInterfaceOrientations_iPad = "UIInterfaceOrientationPortrait UIInterfaceOrientationPortraitUpsideDown UIInterfaceOrientationLandscapeLeft UIInterfaceOrientationLandscapeRight";
				INFOPLIST_KEY_UISupportedInterfaceOrientations_iPhone = "UIInterfaceOrientationPortrait UIInterfaceOrientationLandscapeLeft UIInterfaceOrientationLandscapeRight";
				LD_RUNPATH_SEARCH_PATHS = (
					"$(inherited)",
					"@executable_path/Frameworks",
				);
				MARKETING_VERSION = 1.0;
				PRODUCT_BUNDLE_IDENTIFIER = kanta.navireco;
				PRODUCT_NAME = "$(TARGET_NAME)";
				SWIFT_EMIT_LOC_STRINGS = YES;
				SWIFT_VERSION = 5.0;
				TARGETED_DEVICE_FAMILY = "1,2";
			};
			name = Debug;
		};
		B7F1BB0A2EC3AA9300A021E7 /* Release */ = {
			isa = XCBuildConfiguration;
			buildSettings = {
				ASSETCATALOG_COMPILER_APPICON_NAME = AppIcon;
				ASSETCATALOG_COMPILER_GLOBAL_ACCENT_COLOR_NAME = AccentColor;
				CODE_SIGN_STYLE = Automatic;
				CURRENT_PROJECT_VERSION = 1;
				DEVELOPMENT_TEAM = 2GTP92GF9H;
				ENABLE_PREVIEWS = YES;
				GENERATE_INFOPLIST_FILE = YES;
				INFOPLIST_FILE = navireco/Info.plist;
				INFOPLIST_KEY_NSLocationAlwaysAndWhenInUseUsageDescription = "行動ログを自動的に記録するため、アプリが閉じている間も位置情報を使用";
				INFOPLIST_KEY_NSLocationWhenInUseUsageDescription = "地図を表示し、現在の位置情報に基づいた情報を提供するために位置情報を使用";
				INFOPLIST_KEY_UIApplicationSceneManifest_Generation = YES;
				INFOPLIST_KEY_UIApplicationSupportsIndirectInputEvents = YES;
				INFOPLIST_KEY_UILaunchScreen_Generation = YES;
				INFOPLIST_KEY_UISupportedInterfaceOrientations_iPad = "UIInterfaceOrientationPortrait UIInterfaceOrientationPortraitUpsideDown UIInterfaceOrientationLandscapeLeft UIInterfaceOrientationLandscapeRight";
				INFOPLIST_KEY_UISupportedInterfaceOrientations_iPhone = "UIInterfaceOrientationPortrait UIInterfaceOrientationLandscapeLeft UIInterfaceOrientationLandscapeRight";
				LD_RUNPATH_SEARCH_PATHS = (
					"$(inherited)",
					"@executable_path/Frameworks",
				);
				MARKETING_VERSION = 1.0;
				PRODUCT_BUNDLE_IDENTIFIER = kanta.navireco;
				PRODUCT_NAME = "$(TARGET_NAME)";
				SWIFT_EMIT_LOC_STRINGS = YES;
				SWIFT_VERSION = 5.0;
				TARGETED_DEVICE_FAMILY = "1,2";
			};
			name = Release;
		};
		B7F1BB0C2EC3AA9300A021E7 /* Debug */ = {
			isa = XCBuildConfiguration;
			buildSettings = {
				BUNDLE_LOADER = "$(TEST_HOST)";
				CODE_SIGN_STYLE = Automatic;
				CURRENT_PROJECT_VERSION = 1;
				DEVELOPMENT_TEAM = 2GTP92GF9H;
				GENERATE_INFOPLIST_FILE = YES;
				IPHONEOS_DEPLOYMENT_TARGET = 18.5;
				MARKETING_VERSION = 1.0;
				PRODUCT_BUNDLE_IDENTIFIER = kanta.navirecoTests;
				PRODUCT_NAME = "$(TARGET_NAME)";
				SWIFT_EMIT_LOC_STRINGS = NO;
				SWIFT_VERSION = 5.0;
				TARGETED_DEVICE_FAMILY = "1,2";
				TEST_HOST = "$(BUILT_PRODUCTS_DIR)/navireco.app/$(BUNDLE_EXECUTABLE_FOLDER_PATH)/navireco";
			};
			name = Debug;
		};
		B7F1BB0D2EC3AA9300A021E7 /* Release */ = {
			isa = XCBuildConfiguration;
			buildSettings = {
				BUNDLE_LOADER = "$(TEST_HOST)";
				CODE_SIGN_STYLE = Automatic;
				CURRENT_PROJECT_VERSION = 1;
				DEVELOPMENT_TEAM = 2GTP92GF9H;
				GENERATE_INFOPLIST_FILE = YES;
				IPHONEOS_DEPLOYMENT_TARGET = 18.5;
				MARKETING_VERSION = 1.0;
				PRODUCT_BUNDLE_IDENTIFIER = kanta.navirecoTests;
				PRODUCT_NAME = "$(TARGET_NAME)";
				SWIFT_EMIT_LOC_STRINGS = NO;
				SWIFT_VERSION = 5.0;
				TARGETED_DEVICE_FAMILY = "1,2";
				TEST_HOST = "$(BUILT_PRODUCTS_DIR)/navireco.app/$(BUNDLE_EXECUTABLE_FOLDER_PATH)/navireco";
			};
			name = Release;
		};
		B7F1BB0F2EC3AA9300A021E7 /* Debug */ = {
			isa = XCBuildConfiguration;
			buildSettings = {
				CODE_SIGN_STYLE = Automatic;
				CURRENT_PROJECT_VERSION = 1;
				DEVELOPMENT_TEAM = 2GTP92GF9H;
				GENERATE_INFOPLIST_FILE = YES;
				MARKETING_VERSION = 1.0;
				PRODUCT_BUNDLE_IDENTIFIER = kanta.navirecoUITests;
				PRODUCT_NAME = "$(TARGET_NAME)";
				SWIFT_EMIT_LOC_STRINGS = NO;
				SWIFT_VERSION = 5.0;
				TARGETED_DEVICE_FAMILY = "1,2";
				TEST_TARGET_NAME = navireco;
			};
			name = Debug;
		};
		B7F1BB102EC3AA9300A021E7 /* Release */ = {
			isa = XCBuildConfiguration;
			buildSettings = {
				CODE_SIGN_STYLE = Automatic;
				CURRENT_PROJECT_VERSION = 1;
				DEVELOPMENT_TEAM = 2GTP92GF9H;
				GENERATE_INFOPLIST_FILE = YES;
				MARKETING_VERSION = 1.0;
				PRODUCT_BUNDLE_IDENTIFIER = kanta.navirecoUITests;
				PRODUCT_NAME = "$(TARGET_NAME)";
				SWIFT_EMIT_LOC_STRINGS = NO;
				SWIFT_VERSION = 5.0;
				TARGETED_DEVICE_FAMILY = "1,2";
				TEST_TARGET_NAME = navireco;
			};
			name = Release;
		};
/* End XCBuildConfiguration section */

/* Begin XCConfigurationList section */
		B7F1BAE22EC3AA9200A021E7 /* Build configuration list for PBXProject "navireco" */ = {
			isa = XCConfigurationList;
			buildConfigurations = (
				B7F1BB062EC3AA9300A021E7 /* Debug */,
				B7F1BB072EC3AA9300A021E7 /* Release */,
			);
			defaultConfigurationIsVisible = 0;
			defaultConfigurationName = Release;
		};
		B7F1BB082EC3AA9300A021E7 /* Build configuration list for PBXNativeTarget "navireco" */ = {
			isa = XCConfigurationList;
			buildConfigurations = (
				B7F1BB092EC3AA9300A021E7 /* Debug */,
				B7F1BB0A2EC3AA9300A021E7 /* Release */,
			);
			defaultConfigurationIsVisible = 0;
			defaultConfigurationName = Release;
		};
		B7F1BB0B2EC3AA9300A021E7 /* Build configuration list for PBXNativeTarget "navirecoTests" */ = {
			isa = XCConfigurationList;
			buildConfigurations = (
				B7F1BB0C2EC3AA9300A021E7 /* Debug */,
				B7F1BB0D2EC3AA9300A021E7 /* Release */,
			);
			defaultConfigurationIsVisible = 0;
			defaultConfigurationName = Release;
		};
		B7F1BB0E2EC3AA9300A021E7 /* Build configuration list for PBXNativeTarget "navirecoUITests" */ = {
			isa = XCConfigurationList;
			buildConfigurations = (
				B7F1BB0F2EC3AA9300A021E7 /* Debug */,
				B7F1BB102EC3AA9300A021E7 /* Release */,
			);
			defaultConfigurationIsVisible = 0;
			defaultConfigurationName = Release;
		};
/* End XCConfigurationList section */

/* Begin XCRemoteSwiftPackageReference section */
		B7ADE7862EC59AC00003F1CB /* XCRemoteSwiftPackageReference "firebase-ios-sdk" */ = {
			isa = XCRemoteSwiftPackageReference;
			repositoryURL = "https://github.com/firebase/firebase-ios-sdk";
			requirement = {
				kind = upToNextMajorVersion;
				minimumVersion = 12.5.0;
			};
		};
/* End XCRemoteSwiftPackageReference section */

/* Begin XCSwiftPackageProductDependency section */
		B7ADE7872EC59AC00003F1CB /* FirebaseAnalytics */ = {
			isa = XCSwiftPackageProductDependency;
			package = B7ADE7862EC59AC00003F1CB /* XCRemoteSwiftPackageReference "firebase-ios-sdk" */;
			productName = FirebaseAnalytics;
		};
		B7ADE7892EC59AC00003F1CB /* FirebaseAuth */ = {
			isa = XCSwiftPackageProductDependency;
			package = B7ADE7862EC59AC00003F1CB /* XCRemoteSwiftPackageReference "firebase-ios-sdk" */;
			productName = FirebaseAuth;
		};
		B7ADE78B2EC59AC00003F1CB /* FirebaseFirestore */ = {
			isa = XCSwiftPackageProductDependency;
			package = B7ADE7862EC59AC00003F1CB /* XCRemoteSwiftPackageReference "firebase-ios-sdk" */;
			productName = FirebaseFirestore;
		};
		B7ADE78D2EC59AC00003F1CB /* FirebaseFunctions */ = {
			isa = XCSwiftPackageProductDependency;
			package = B7ADE7862EC59AC00003F1CB /* XCRemoteSwiftPackageReference "firebase-ios-sdk" */;
			productName = FirebaseFunctions;
		};
		B7ADE78F2EC59AC00003F1CB /* FirebaseStorage */ = {
			isa = XCSwiftPackageProductDependency;
			package = B7ADE7862EC59AC00003F1CB /* XCRemoteSwiftPackageReference "firebase-ios-sdk" */;
			productName = FirebaseStorage;
		};
/* End XCSwiftPackageProductDependency section */
	};
	rootObject = B7F1BADF2EC3AA9200A021E7 /* Project object */;
}
